
Microsoft Visual Studio Solution File, Format Version 12.00
# Visual Studio 15
VisualStudioVersion = 15.0.26730.12
MinimumVisualStudioVersion = 10.0.40219.1
Project("{FAE04EC0-301F-11D3-BF4B-00C04F79EFBC}") = "SecurityTest.Rest", "SecurityTest.Rest\SecurityTest.Rest.csproj", "{A1405A4E-F8AE-443A-81A6-E41079E1BCEA}"
EndProject
Global
	GlobalSection(SolutionConfigurationPlatforms) = preSolution
		Debug|Any CPU = Debug|Any CPU
		Release|Any CPU = Release|Any CPU
	EndGlobalSection
	GlobalSection(ProjectConfigurationPlatforms) = postSolution
		{A1405A4E-F8AE-443A-81A6-E41079E1BCEA}.Debug|Any CPU.ActiveCfg = Debug|Any CPU
		{A1405A4E-F8AE-443A-81A6-E41079E1BCEA}.Debug|Any CPU.Build.0 = Debug|Any CPU
		{A1405A4E-F8AE-443A-81A6-E41079E1BCEA}.Release|Any CPU.ActiveCfg = Release|Any CPU
		{A1405A4E-F8AE-443A-81A6-E41079E1BCEA}.Release|Any CPU.Build.0 = Release|Any CPU
	EndGlobalSection
	GlobalSection(SolutionProperties) = preSolution
		HideSolutionNode = FALSE
	EndGlobalSection
	GlobalSection(ExtensibilityGlobals) = postSolution
		SolutionGuid = {A83ECF22-2649-4140-A49B-A8CAB3CD9B52}
	EndGlobalSection
EndGlobal
